
Microsoft Visual Studio Solution File, Format Version 12.00
# Visual Studio Version 18
VisualStudioVersion = 18.0.11010.61
MinimumVisualStudioVersion = 10.0.40219.1
Project("{9A19103F-16F7-4668-BE54-9A1E7A4F7556}") = "SimpleCore", "Libs\SimpleCore\SimpleCore.csproj", "{77DDECA5-3E02-491F-A776-09DD0C729E97}"
EndProject
Project("{9A19103F-16F7-4668-BE54-9A1E7A4F7556}") = "Alma.Blazor", "Alma.Blazor\Alma.Blazor.csproj", "{4DE37B34-A5FA-445A-9775-F6AD96F550DF}"
EndProject
Project("{2150E333-8FDC-42A3-9474-1A3956D46DE8}") = "Solution Items", "Solution Items", "{472B3F8F-5D6B-4C09-A5DC-7AFBDC03B402}"
	ProjectSection(SolutionItems) = preProject
		.editorconfig = .editorconfig
	EndProjectSection
EndProject
Project("{2150E333-8FDC-42A3-9474-1A3956D46DE8}") = "Tests", "Tests", "{02EA681E-C7D8-13C7-8484-4AC65E1B71E8}"
EndProject
Project("{FAE04EC0-301F-11D3-BF4B-00C04F79EFBC}") = "Alma.Flows", "Libs\Alma.Flows\Alma.Flows.csproj", "{C10AE09B-077F-40AE-8315-D4624011C808}"
EndProject
Project("{FAE04EC0-301F-11D3-BF4B-00C04F79EFBC}") = "Alma.Flows.Tests", "Tests\Alma.Flows.Tests\Alma.Flows.Tests.csproj", "{60C290F1-ADC2-40C4-A855-171E318D4895}"
EndProject
Project("{FAE04EC0-301F-11D3-BF4B-00C04F79EFBC}") = "SimpleCore.Data.Mongo", "Libs\SimpleCore.Data.Mongo\SimpleCore.Data.Mongo.csproj", "{ED296864-1688-4ACA-8BDA-B9FAC40ACEB6}"
EndProject
Project("{2150E333-8FDC-42A3-9474-1A3956D46DE8}") = "Modules", "Modules", "{D6A79253-4736-45BE-BC8A-38506A7E3539}"
EndProject
Project("{FAE04EC0-301F-11D3-BF4B-00C04F79EFBC}") = "Alma.Modules.Core", "Modules\Alma.Modules.Core\Alma.Modules.Core.csproj", "{2A7DAC31-D13D-44FD-97D7-1A9B84DF7DE2}"
EndProject
Project("{FAE04EC0-301F-11D3-BF4B-00C04F79EFBC}") = "Alma.Modules.Flows", "Modules\Alma.Modules.Flows\Alma.Modules.Flows.csproj", "{8048D2C8-DD45-4885-8230-9AD9D1AB7E5A}"
EndProject
Project("{2150E333-8FDC-42A3-9474-1A3956D46DE8}") = "Libs", "Libs", "{A9476561-6A58-4024-B4D7-21EE0B9A3E86}"
EndProject
Project("{FAE04EC0-301F-11D3-BF4B-00C04F79EFBC}") = "Alma.Flows.Design", "Libs\Alma.Flows.Design\Alma.Flows.Design.csproj", "{4D6F9E16-A4F6-4BCE-A1CC-856E5568AF4C}"
EndProject
Project("{FAE04EC0-301F-11D3-BF4B-00C04F79EFBC}") = "Alma.Flows.Hangfire", "Libs\Alma.Flows.Hangfire\Alma.Flows.Hangfire.csproj", "{91F0510C-4132-46A6-A25E-1B807D8D9637}"
EndProject
Project("{FAE04EC0-301F-11D3-BF4B-00C04F79EFBC}") = "Alma.Modules.Organizations", "Modules\Alma.Modules.Organization\Alma.Modules.Organizations.csproj", "{835AE0D3-7B27-4968-9F1B-D33493169401}"
EndProject
Project("{FAE04EC0-301F-11D3-BF4B-00C04F79EFBC}") = "Alma.Modules.Integrations", "Modules\Alma.Modules.Integrations\Alma.Modules.Integrations.csproj", "{43792362-2393-40E4-917F-60B2C63F8358}"
EndProject
Project("{FAE04EC0-301F-11D3-BF4B-00C04F79EFBC}") = "Alma.Organizations", "Libs\Alma.Organizations\Alma.Organizations.csproj", "{12D57633-5319-4753-A73B-69331CE72A26}"
EndProject
Project("{FAE04EC0-301F-11D3-BF4B-00C04F79EFBC}") = "Alma.Integrations", "Libs\Alma.Integrations\Alma.Integrations.csproj", "{C7839051-A9BB-44AC-812C-60E80D6FF972}"
EndProject
Project("{FAE04EC0-301F-11D3-BF4B-00C04F79EFBC}") = "Alma.Flows.Apis.AspNetCore", "Libs\Alma.Flows.Apis.AspNetCore\Alma.Flows.Apis.AspNetCore.csproj", "{02703EAE-3737-1F34-C28B-6847D0852548}"
EndProject
Project("{FAE04EC0-301F-11D3-BF4B-00C04F79EFBC}") = "Alma.Flows.Alerts", "Libs\Alma.Flows.Alerts\Alma.Flows.Alerts.csproj", "{FB6CE5C4-7104-4F1D-92F1-FC7BB7620009}"
EndProject
Project("{FAE04EC0-301F-11D3-BF4B-00C04F79EFBC}") = "Alma.Modules.Alerts", "Modules\Alma.Modules.Alerts\Alma.Modules.Alerts.csproj", "{374F3905-103B-4BBF-A907-A7CA2A0D3B00}"
EndProject
Project("{FAE04EC0-301F-11D3-BF4B-00C04F79EFBC}") = "Alma.Flows.Monitoring", "Libs\Alma.Flows.Monitoring\Alma.Flows.Monitoring.csproj", "{C8B6C7F4-DAE7-4F8F-99B7-33AEB3C4F363}"
EndProject
Project("{FAE04EC0-301F-11D3-BF4B-00C04F79EFBC}") = "Alma.Modules.Monitoring", "Modules\Alma.Modules.Monitoring\Alma.Modules.Monitoring.csproj", "{AC388D72-8288-46EF-AF4D-6A8C45156765}"
EndProject
Project("{FAE04EC0-301F-11D3-BF4B-00C04F79EFBC}") = "Alma.Flows.Monitoring.Mongo", "Libs\Alma.Flows.Monitoring.Mongo\Alma.Flows.Monitoring.Mongo.csproj", "{2823FA78-0467-47AD-B711-DEC6179D67AB}"
EndProject
Project("{FAE04EC0-301F-11D3-BF4B-00C04F79EFBC}") = "Alma.Core.Mongo", "Libs\Alma.Core.Mongo\Alma.Core.Mongo.csproj", "{36B905F3-F47A-C20F-B895-397B1E5730E4}"
EndProject
Project("{FAE04EC0-301F-11D3-BF4B-00C04F79EFBC}") = "Alma.Core", "Libs\Alma.Core\Alma.Core.csproj", "{49D92EBF-AFAE-40CA-4AFF-58922B54E663}"
EndProject
Global
	GlobalSection(SolutionConfigurationPlatforms) = preSolution
		Debug|Any CPU = Debug|Any CPU
		Release|Any CPU = Release|Any CPU
	EndGlobalSection
	GlobalSection(ProjectConfigurationPlatforms) = postSolution
		{77DDECA5-3E02-491F-A776-09DD0C729E97}.Debug|Any CPU.ActiveCfg = Debug|Any CPU
		{77DDECA5-3E02-491F-A776-09DD0C729E97}.Debug|Any CPU.Build.0 = Debug|Any CPU
		{77DDECA5-3E02-491F-A776-09DD0C729E97}.Release|Any CPU.ActiveCfg = Release|Any CPU
		{77DDECA5-3E02-491F-A776-09DD0C729E97}.Release|Any CPU.Build.0 = Release|Any CPU
		{4DE37B34-A5FA-445A-9775-F6AD96F550DF}.Debug|Any CPU.ActiveCfg = Debug|Any CPU
		{4DE37B34-A5FA-445A-9775-F6AD96F550DF}.Debug|Any CPU.Build.0 = Debug|Any CPU
		{4DE37B34-A5FA-445A-9775-F6AD96F550DF}.Release|Any CPU.ActiveCfg = Release|Any CPU
		{4DE37B34-A5FA-445A-9775-F6AD96F550DF}.Release|Any CPU.Build.0 = Release|Any CPU
		{C10AE09B-077F-40AE-8315-D4624011C808}.Debug|Any CPU.ActiveCfg = Debug|Any CPU
		{C10AE09B-077F-40AE-8315-D4624011C808}.Debug|Any CPU.Build.0 = Debug|Any CPU
		{C10AE09B-077F-40AE-8315-D4624011C808}.Release|Any CPU.ActiveCfg = Release|Any CPU
		{C10AE09B-077F-40AE-8315-D4624011C808}.Release|Any CPU.Build.0 = Release|Any CPU
		{60C290F1-ADC2-40C4-A855-171E318D4895}.Debug|Any CPU.ActiveCfg = Debug|Any CPU
		{60C290F1-ADC2-40C4-A855-171E318D4895}.Debug|Any CPU.Build.0 = Debug|Any CPU
		{60C290F1-ADC2-40C4-A855-171E318D4895}.Release|Any CPU.ActiveCfg = Release|Any CPU
		{60C290F1-ADC2-40C4-A855-171E318D4895}.Release|Any CPU.Build.0 = Release|Any CPU
		{ED296864-1688-4ACA-8BDA-B9FAC40ACEB6}.Debug|Any CPU.ActiveCfg = Debug|Any CPU
		{ED296864-1688-4ACA-8BDA-B9FAC40ACEB6}.Debug|Any CPU.Build.0 = Debug|Any CPU
		{ED296864-1688-4ACA-8BDA-B9FAC40ACEB6}.Release|Any CPU.ActiveCfg = Release|Any CPU
		{ED296864-1688-4ACA-8BDA-B9FAC40ACEB6}.Release|Any CPU.Build.0 = Release|Any CPU
		{2A7DAC31-D13D-44FD-97D7-1A9B84DF7DE2}.Debug|Any CPU.ActiveCfg = Debug|Any CPU
		{2A7DAC31-D13D-44FD-97D7-1A9B84DF7DE2}.Debug|Any CPU.Build.0 = Debug|Any CPU
		{2A7DAC31-D13D-44FD-97D7-1A9B84DF7DE2}.Release|Any CPU.ActiveCfg = Release|Any CPU
		{2A7DAC31-D13D-44FD-97D7-1A9B84DF7DE2}.Release|Any CPU.Build.0 = Release|Any CPU
		{8048D2C8-DD45-4885-8230-9AD9D1AB7E5A}.Debug|Any CPU.ActiveCfg = Debug|Any CPU
		{8048D2C8-DD45-4885-8230-9AD9D1AB7E5A}.Debug|Any CPU.Build.0 = Debug|Any CPU
		{8048D2C8-DD45-4885-8230-9AD9D1AB7E5A}.Release|Any CPU.ActiveCfg = Release|Any CPU
		{8048D2C8-DD45-4885-8230-9AD9D1AB7E5A}.Release|Any CPU.Build.0 = Release|Any CPU
		{4D6F9E16-A4F6-4BCE-A1CC-856E5568AF4C}.Debug|Any CPU.ActiveCfg = Debug|Any CPU
		{4D6F9E16-A4F6-4BCE-A1CC-856E5568AF4C}.Debug|Any CPU.Build.0 = Debug|Any CPU
		{4D6F9E16-A4F6-4BCE-A1CC-856E5568AF4C}.Release|Any CPU.ActiveCfg = Release|Any CPU
		{4D6F9E16-A4F6-4BCE-A1CC-856E5568AF4C}.Release|Any CPU.Build.0 = Release|Any CPU
		{91F0510C-4132-46A6-A25E-1B807D8D9637}.Debug|Any CPU.ActiveCfg = Debug|Any CPU
		{91F0510C-4132-46A6-A25E-1B807D8D9637}.Debug|Any CPU.Build.0 = Debug|Any CPU
		{91F0510C-4132-46A6-A25E-1B807D8D9637}.Release|Any CPU.ActiveCfg = Release|Any CPU
		{91F0510C-4132-46A6-A25E-1B807D8D9637}.Release|Any CPU.Build.0 = Release|Any CPU
		{835AE0D3-7B27-4968-9F1B-D33493169401}.Debug|Any CPU.ActiveCfg = Debug|Any CPU
		{835AE0D3-7B27-4968-9F1B-D33493169401}.Debug|Any CPU.Build.0 = Debug|Any CPU
		{835AE0D3-7B27-4968-9F1B-D33493169401}.Release|Any CPU.ActiveCfg = Release|Any CPU
		{835AE0D3-7B27-4968-9F1B-D33493169401}.Release|Any CPU.Build.0 = Release|Any CPU
		{43792362-2393-40E4-917F-60B2C63F8358}.Debug|Any CPU.ActiveCfg = Debug|Any CPU
		{43792362-2393-40E4-917F-60B2C63F8358}.Debug|Any CPU.Build.0 = Debug|Any CPU
		{43792362-2393-40E4-917F-60B2C63F8358}.Release|Any CPU.ActiveCfg = Release|Any CPU
		{43792362-2393-40E4-917F-60B2C63F8358}.Release|Any CPU.Build.0 = Release|Any CPU
		{12D57633-5319-4753-A73B-69331CE72A26}.Debug|Any CPU.ActiveCfg = Debug|Any CPU
		{12D57633-5319-4753-A73B-69331CE72A26}.Debug|Any CPU.Build.0 = Debug|Any CPU
		{12D57633-5319-4753-A73B-69331CE72A26}.Release|Any CPU.ActiveCfg = Release|Any CPU
		{12D57633-5319-4753-A73B-69331CE72A26}.Release|Any CPU.Build.0 = Release|Any CPU
		{C7839051-A9BB-44AC-812C-60E80D6FF972}.Debug|Any CPU.ActiveCfg = Debug|Any CPU
		{C7839051-A9BB-44AC-812C-60E80D6FF972}.Debug|Any CPU.Build.0 = Debug|Any CPU
		{C7839051-A9BB-44AC-812C-60E80D6FF972}.Release|Any CPU.ActiveCfg = Release|Any CPU
		{C7839051-A9BB-44AC-812C-60E80D6FF972}.Release|Any CPU.Build.0 = Release|Any CPU
		{02703EAE-3737-1F34-C28B-6847D0852548}.Debug|Any CPU.ActiveCfg = Debug|Any CPU
		{02703EAE-3737-1F34-C28B-6847D0852548}.Debug|Any CPU.Build.0 = Debug|Any CPU
		{02703EAE-3737-1F34-C28B-6847D0852548}.Release|Any CPU.ActiveCfg = Release|Any CPU
		{02703EAE-3737-1F34-C28B-6847D0852548}.Release|Any CPU.Build.0 = Release|Any CPU
		{FB6CE5C4-7104-4F1D-92F1-FC7BB7620009}.Debug|Any CPU.ActiveCfg = Debug|Any CPU
		{FB6CE5C4-7104-4F1D-92F1-FC7BB7620009}.Debug|Any CPU.Build.0 = Debug|Any CPU
		{FB6CE5C4-7104-4F1D-92F1-FC7BB7620009}.Release|Any CPU.ActiveCfg = Release|Any CPU
		{FB6CE5C4-7104-4F1D-92F1-FC7BB7620009}.Release|Any CPU.Build.0 = Release|Any CPU
		{374F3905-103B-4BBF-A907-A7CA2A0D3B00}.Debug|Any CPU.ActiveCfg = Debug|Any CPU
		{374F3905-103B-4BBF-A907-A7CA2A0D3B00}.Debug|Any CPU.Build.0 = Debug|Any CPU
		{374F3905-103B-4BBF-A907-A7CA2A0D3B00}.Release|Any CPU.ActiveCfg = Release|Any CPU
		{374F3905-103B-4BBF-A907-A7CA2A0D3B00}.Release|Any CPU.Build.0 = Release|Any CPU
		{C8B6C7F4-DAE7-4F8F-99B7-33AEB3C4F363}.Debug|Any CPU.ActiveCfg = Debug|Any CPU
		{C8B6C7F4-DAE7-4F8F-99B7-33AEB3C4F363}.Debug|Any CPU.Build.0 = Debug|Any CPU
		{C8B6C7F4-DAE7-4F8F-99B7-33AEB3C4F363}.Release|Any CPU.ActiveCfg = Release|Any CPU
		{C8B6C7F4-DAE7-4F8F-99B7-33AEB3C4F363}.Release|Any CPU.Build.0 = Release|Any CPU
		{AC388D72-8288-46EF-AF4D-6A8C45156765}.Debug|Any CPU.ActiveCfg = Debug|Any CPU
		{AC388D72-8288-46EF-AF4D-6A8C45156765}.Debug|Any CPU.Build.0 = Debug|Any CPU
		{AC388D72-8288-46EF-AF4D-6A8C45156765}.Release|Any CPU.ActiveCfg = Release|Any CPU
		{AC388D72-8288-46EF-AF4D-6A8C45156765}.Release|Any CPU.Build.0 = Release|Any CPU
		{2823FA78-0467-47AD-B711-DEC6179D67AB}.Debug|Any CPU.ActiveCfg = Debug|Any CPU
		{2823FA78-0467-47AD-B711-DEC6179D67AB}.Debug|Any CPU.Build.0 = Debug|Any CPU
		{2823FA78-0467-47AD-B711-DEC6179D67AB}.Release|Any CPU.ActiveCfg = Release|Any CPU
		{2823FA78-0467-47AD-B711-DEC6179D67AB}.Release|Any CPU.Build.0 = Release|Any CPU
		{36B905F3-F47A-C20F-B895-397B1E5730E4}.Debug|Any CPU.ActiveCfg = Debug|Any CPU
		{36B905F3-F47A-C20F-B895-397B1E5730E4}.Debug|Any CPU.Build.0 = Debug|Any CPU
		{36B905F3-F47A-C20F-B895-397B1E5730E4}.Release|Any CPU.ActiveCfg = Release|Any CPU
		{36B905F3-F47A-C20F-B895-397B1E5730E4}.Release|Any CPU.Build.0 = Release|Any CPU
		{49D92EBF-AFAE-40CA-4AFF-58922B54E663}.Debug|Any CPU.ActiveCfg = Debug|Any CPU
		{49D92EBF-AFAE-40CA-4AFF-58922B54E663}.Debug|Any CPU.Build.0 = Debug|Any CPU
		{49D92EBF-AFAE-40CA-4AFF-58922B54E663}.Release|Any CPU.ActiveCfg = Release|Any CPU
		{49D92EBF-AFAE-40CA-4AFF-58922B54E663}.Release|Any CPU.Build.0 = Release|Any CPU
	EndGlobalSection
	GlobalSection(SolutionProperties) = preSolution
		HideSolutionNode = FALSE
	EndGlobalSection
	GlobalSection(NestedProjects) = preSolution
		{77DDECA5-3E02-491F-A776-09DD0C729E97} = {A9476561-6A58-4024-B4D7-21EE0B9A3E86}
		{C10AE09B-077F-40AE-8315-D4624011C808} = {A9476561-6A58-4024-B4D7-21EE0B9A3E86}
		{60C290F1-ADC2-40C4-A855-171E318D4895} = {02EA681E-C7D8-13C7-8484-4AC65E1B71E8}
		{ED296864-1688-4ACA-8BDA-B9FAC40ACEB6} = {A9476561-6A58-4024-B4D7-21EE0B9A3E86}
		{2A7DAC31-D13D-44FD-97D7-1A9B84DF7DE2} = {D6A79253-4736-45BE-BC8A-38506A7E3539}
		{8048D2C8-DD45-4885-8230-9AD9D1AB7E5A} = {D6A79253-4736-45BE-BC8A-38506A7E3539}
		{4D6F9E16-A4F6-4BCE-A1CC-856E5568AF4C} = {A9476561-6A58-4024-B4D7-21EE0B9A3E86}
		{91F0510C-4132-46A6-A25E-1B807D8D9637} = {A9476561-6A58-4024-B4D7-21EE0B9A3E86}
		{835AE0D3-7B27-4968-9F1B-D33493169401} = {D6A79253-4736-45BE-BC8A-38506A7E3539}
		{43792362-2393-40E4-917F-60B2C63F8358} = {D6A79253-4736-45BE-BC8A-38506A7E3539}
		{12D57633-5319-4753-A73B-69331CE72A26} = {A9476561-6A58-4024-B4D7-21EE0B9A3E86}
		{C7839051-A9BB-44AC-812C-60E80D6FF972} = {A9476561-6A58-4024-B4D7-21EE0B9A3E86}
		{02703EAE-3737-1F34-C28B-6847D0852548} = {A9476561-6A58-4024-B4D7-21EE0B9A3E86}
		{FB6CE5C4-7104-4F1D-92F1-FC7BB7620009} = {A9476561-6A58-4024-B4D7-21EE0B9A3E86}
		{374F3905-103B-4BBF-A907-A7CA2A0D3B00} = {D6A79253-4736-45BE-BC8A-38506A7E3539}
		{C8B6C7F4-DAE7-4F8F-99B7-33AEB3C4F363} = {A9476561-6A58-4024-B4D7-21EE0B9A3E86}
		{AC388D72-8288-46EF-AF4D-6A8C45156765} = {D6A79253-4736-45BE-BC8A-38506A7E3539}
		{2823FA78-0467-47AD-B711-DEC6179D67AB} = {A9476561-6A58-4024-B4D7-21EE0B9A3E86}
		{36B905F3-F47A-C20F-B895-397B1E5730E4} = {A9476561-6A58-4024-B4D7-21EE0B9A3E86}
		{49D92EBF-AFAE-40CA-4AFF-58922B54E663} = {A9476561-6A58-4024-B4D7-21EE0B9A3E86}
	EndGlobalSection
	GlobalSection(ExtensibilityGlobals) = postSolution
		SolutionGuid = {0B8F0737-80FC-464C-92F9-0121C318EEF3}
	EndGlobalSection
EndGlobal
